
Microsoft Visual Studio Solution File, Format Version 12.00
# Visual Studio 15
VisualStudioVersion = 15.0.27421.1
MinimumVisualStudioVersion = 10.0.40219.1
Project("{FAE04EC0-301F-11D3-BF4B-00C04F79EFBC}") = "Web Client", "Web Client\Web Client.csproj", "{E41C9F32-9897-4B5D-AB51-BE66001EAD8D}"
EndProject
Global
	GlobalSection(SolutionConfigurationPlatforms) = preSolution
		Debug|Any CPU = Debug|Any CPU
		Release|Any CPU = Release|Any CPU
	EndGlobalSection
	GlobalSection(ProjectConfigurationPlatforms) = postSolution
		{E41C9F32-9897-4B5D-AB51-BE66001EAD8D}.Debug|Any CPU.ActiveCfg = Debug|Any CPU
		{E41C9F32-9897-4B5D-AB51-BE66001EAD8D}.Debug|Any CPU.Build.0 = Debug|Any CPU
		{E41C9F32-9897-4B5D-AB51-BE66001EAD8D}.Release|Any CPU.ActiveCfg = Release|Any CPU
		{E41C9F32-9897-4B5D-AB51-BE66001EAD8D}.Release|Any CPU.Build.0 = Release|Any CPU
	EndGlobalSection
	GlobalSection(SolutionProperties) = preSolution
		HideSolutionNode = FALSE
	EndGlobalSection
	GlobalSection(ExtensibilityGlobals) = postSolution
		SolutionGuid = {28A09E32-294C-4D91-BAE0-CEBA8A3EFD57}
	EndGlobalSection
EndGlobal
