
Microsoft Visual Studio Solution File, Format Version 12.00
# Visual Studio 15
VisualStudioVersion = 15.0.28302.56
MinimumVisualStudioVersion = 10.0.40219.1
Project("{9A19103F-16F7-4668-BE54-9A1E7A4F7556}") = "Server", "Server\Server.csproj", "{B14465FC-7289-4697-B320-E689C69F2D98}"
EndProject
Project("{9A19103F-16F7-4668-BE54-9A1E7A4F7556}") = "MySQLDataProviderPlugin", "MySQLDataProviderPlugin\MySQLDataProviderPlugin.csproj", "{AACBE520-7F98-447F-B7A8-38B4F7DD105F}"
EndProject
Project("{9A19103F-16F7-4668-BE54-9A1E7A4F7556}") = "DataProviderCommon", "DataProviderCommon\DataProviderCommon.csproj", "{B91D9FBE-E2CE-4A25-877D-DC200A401F29}"
EndProject
Project("{9A19103F-16F7-4668-BE54-9A1E7A4F7556}") = "SamsungTemperatureControllerPlugin", "SamsungTemperatureControllerPlugin\SamsungTemperatureControllerPlugin.csproj", "{D90A4A22-91F2-4F57-8F4C-AF64D22E0874}"
EndProject
Project("{9A19103F-16F7-4668-BE54-9A1E7A4F7556}") = "MSSQLDataProviderPlugin", "MSSQlDataProviderPlugin\MSSQLDataProviderPlugin.csproj", "{8D34788E-7FA0-4921-A8AC-66165CE2EB13}"
EndProject
Project("{9A19103F-16F7-4668-BE54-9A1E7A4F7556}") = "XiomiPreasureControllerPlugin", "XiomiPreasureControllerPlugin\XiomiPreasureControllerPlugin.csproj", "{C5C5753D-CDB0-48DD-AF85-E631BF6FB3BE}"
EndProject
Project("{9A19103F-16F7-4668-BE54-9A1E7A4F7556}") = "Server.Tests", "Server.Tests\Server.Tests.csproj", "{6E5A633E-9B6B-4E77-A10D-A609B325E903}"
EndProject
Global
	GlobalSection(SolutionConfigurationPlatforms) = preSolution
		Debug|Any CPU = Debug|Any CPU
		Release|Any CPU = Release|Any CPU
	EndGlobalSection
	GlobalSection(ProjectConfigurationPlatforms) = postSolution
		{B14465FC-7289-4697-B320-E689C69F2D98}.Debug|Any CPU.ActiveCfg = Debug|Any CPU
		{B14465FC-7289-4697-B320-E689C69F2D98}.Debug|Any CPU.Build.0 = Debug|Any CPU
		{B14465FC-7289-4697-B320-E689C69F2D98}.Release|Any CPU.ActiveCfg = Release|Any CPU
		{B14465FC-7289-4697-B320-E689C69F2D98}.Release|Any CPU.Build.0 = Release|Any CPU
		{AACBE520-7F98-447F-B7A8-38B4F7DD105F}.Debug|Any CPU.ActiveCfg = Debug|Any CPU
		{AACBE520-7F98-447F-B7A8-38B4F7DD105F}.Debug|Any CPU.Build.0 = Debug|Any CPU
		{AACBE520-7F98-447F-B7A8-38B4F7DD105F}.Release|Any CPU.ActiveCfg = Release|Any CPU
		{AACBE520-7F98-447F-B7A8-38B4F7DD105F}.Release|Any CPU.Build.0 = Release|Any CPU
		{B91D9FBE-E2CE-4A25-877D-DC200A401F29}.Debug|Any CPU.ActiveCfg = Debug|Any CPU
		{B91D9FBE-E2CE-4A25-877D-DC200A401F29}.Debug|Any CPU.Build.0 = Debug|Any CPU
		{B91D9FBE-E2CE-4A25-877D-DC200A401F29}.Release|Any CPU.ActiveCfg = Release|Any CPU
		{B91D9FBE-E2CE-4A25-877D-DC200A401F29}.Release|Any CPU.Build.0 = Release|Any CPU
		{D90A4A22-91F2-4F57-8F4C-AF64D22E0874}.Debug|Any CPU.ActiveCfg = Debug|Any CPU
		{D90A4A22-91F2-4F57-8F4C-AF64D22E0874}.Debug|Any CPU.Build.0 = Debug|Any CPU
		{D90A4A22-91F2-4F57-8F4C-AF64D22E0874}.Release|Any CPU.ActiveCfg = Release|Any CPU
		{D90A4A22-91F2-4F57-8F4C-AF64D22E0874}.Release|Any CPU.Build.0 = Release|Any CPU
		{8D34788E-7FA0-4921-A8AC-66165CE2EB13}.Debug|Any CPU.ActiveCfg = Debug|Any CPU
		{8D34788E-7FA0-4921-A8AC-66165CE2EB13}.Debug|Any CPU.Build.0 = Debug|Any CPU
		{8D34788E-7FA0-4921-A8AC-66165CE2EB13}.Release|Any CPU.ActiveCfg = Release|Any CPU
		{8D34788E-7FA0-4921-A8AC-66165CE2EB13}.Release|Any CPU.Build.0 = Release|Any CPU
		{C5C5753D-CDB0-48DD-AF85-E631BF6FB3BE}.Debug|Any CPU.ActiveCfg = Debug|Any CPU
		{C5C5753D-CDB0-48DD-AF85-E631BF6FB3BE}.Debug|Any CPU.Build.0 = Debug|Any CPU
		{C5C5753D-CDB0-48DD-AF85-E631BF6FB3BE}.Release|Any CPU.ActiveCfg = Release|Any CPU
		{C5C5753D-CDB0-48DD-AF85-E631BF6FB3BE}.Release|Any CPU.Build.0 = Release|Any CPU
		{6E5A633E-9B6B-4E77-A10D-A609B325E903}.Debug|Any CPU.ActiveCfg = Debug|Any CPU
		{6E5A633E-9B6B-4E77-A10D-A609B325E903}.Debug|Any CPU.Build.0 = Debug|Any CPU
		{6E5A633E-9B6B-4E77-A10D-A609B325E903}.Release|Any CPU.ActiveCfg = Release|Any CPU
		{6E5A633E-9B6B-4E77-A10D-A609B325E903}.Release|Any CPU.Build.0 = Release|Any CPU
	EndGlobalSection
	GlobalSection(SolutionProperties) = preSolution
		HideSolutionNode = FALSE
	EndGlobalSection
	GlobalSection(ExtensibilityGlobals) = postSolution
		SolutionGuid = {31DFA33B-1B43-4044-9320-6E5623066ABF}
	EndGlobalSection
EndGlobal
